
Microsoft Visual Studio Solution File, Format Version 12.00
# Visual Studio Version 16
VisualStudioVersion = 16.0.31129.286
MinimumVisualStudioVersion = 10.0.40219.1
Project("{FAE04EC0-301F-11D3-BF4B-00C04F79EFBC}") = "Datingapp_Server", "Datingapp_Server\Datingapp_Server.csproj", "{2BC47EB1-775A-4D0B-B25C-3D51E6A059DA}"
EndProject
Global
	GlobalSection(SolutionConfigurationPlatforms) = preSolution
		Debug|Any CPU = Debug|Any CPU
		Release|Any CPU = Release|Any CPU
	EndGlobalSection
	GlobalSection(ProjectConfigurationPlatforms) = postSolution
		{2BC47EB1-775A-4D0B-B25C-3D51E6A059DA}.Debug|Any CPU.ActiveCfg = Debug|Any CPU
		{2BC47EB1-775A-4D0B-B25C-3D51E6A059DA}.Debug|Any CPU.Build.0 = Debug|Any CPU
		{2BC47EB1-775A-4D0B-B25C-3D51E6A059DA}.Release|Any CPU.ActiveCfg = Release|Any CPU
		{2BC47EB1-775A-4D0B-B25C-3D51E6A059DA}.Release|Any CPU.Build.0 = Release|Any CPU
	EndGlobalSection
	GlobalSection(SolutionProperties) = preSolution
		HideSolutionNode = FALSE
	EndGlobalSection
	GlobalSection(ExtensibilityGlobals) = postSolution
		SolutionGuid = {DD5CF71A-3E91-45D8-B49D-2C0435781DC5}
	EndGlobalSection
EndGlobal
